// !$*UTF8*$!
{
	archiveVersion = 1;
	classes = {
	};
	objectVersion = 77;
	objects = {

/* Begin PBXContainerItemProxy section */
		DF3D9BF7304B2A81006E33E1 /* PBXContainerItemProxy */ = {
			isa = PBXContainerItemProxy;
			containerPortal = DF3D9BE1304B2A7F006E33E1 /* Project object */;
			proxyType = 1;
			remoteGlobalIDString = DF3D9BE8304B2A7F006E33E1;
			remoteInfo = MicForwarderiOS;
		};
		DF3D9C01304B2A81006E33E1 /* PBXContainerItemProxy */ = {
			isa = PBXContainerItemProxy;
			containerPortal = DF3D9BE1304B2A7F006E33E1 /* Project object */;
			proxyType = 1;
			remoteGlobalIDString = DF3D9BE8304B2A7F006E33E1;
			remoteInfo = MicForwarderiOS;
		};
/* End PBXContainerItemProxy section */

/* Begin PBXFileReference section */
		DF3D9BE9304B2A7F006E33E1 /* MicForwarderiOS.app */ = {isa = PBXFileReference; explicitFileType = wrapper.application; includeInIndex = 0; path = MicForwarderiOS.app; sourceTree = BUILT_PRODUCTS_DIR; };
		DF3D9BF6304B2A81006E33E1 /* MicForwarderiOSTests.xctest */ = {isa = PBXFileReference; explicitFileType = wrapper.cfbundle; includeInIndex = 0; path = MicForwarderiOSTests.xctest; sourceTree = BUILT_PRODUCTS_DIR; };
		DF3D9C00304B2A81006E33E1 /* MicForwarderiOSUITests.xctest */ = {isa = PBXFileReference; explicitFileType = wrapper.cfbundle; includeInIndex = 0; path = MicForwarderiOSUITests.xctest; sourceTree = BUILT_PRODUCTS_DIR; };
/* End PBXFileReference section */

/* Begin PBXFileSystemSynchronizedRootGroup section */
		DF3D9BEB304B2A7F006E33E1 /* MicForwarderiOS */ = {
			isa = PBXFileSystemSynchronizedRootGroup;
			path = MicForwarderiOS;
			sourceTree = "<group>";
		};
		DF3D9BF9304B2A81006E33E1 /* MicForwarderiOSTests */ = {
			isa = PBXFileSystemSynchronizedRootGroup;
			path = MicForwarderiOSTests;
			sourceTree = "<group>";
		};
		DF3D9C03304B2A81006E33E1 /* MicForwarderiOSUITests */ = {
			isa = PBXFileSystemSynchronizedRootGroup;
			path = MicForwarderiOSUITests;
			sourceTree = "<group>";
		};
/* End PBXFileSystemSynchronizedRootGroup section */

/* Begin PBXFrameworksBuildPhase section */
		DF3D9BE6304B2A7F006E33E1 /* Frameworks */ = {
			isa = PBXFrameworksBuildPhase;
			buildActionMask = 2147483647;
			files = (
			);
			runOnlyForDeploymentPostprocessing = 0;
		};
		DF3D9BF3304B2A81006E33E1 /* Frameworks */ = {
			isa = PBXFrameworksBuildPhase;
			buildActionMask = 2147483647;
			files = (
			);
			runOnlyForDeploymentPostprocessing = 0;
		};
		DF3D9BFD304B2A81006E33E1 /* Frameworks */ = {
			isa = PBXFrameworksBuildPhase;
			buildActionMask = 2147483647;
			files = (
			);
			runOnlyForDeploymentPostprocessing = 0;
		};
/* End PBXFrameworksBuildPhase section */

/* Begin PBXGroup section */
		DF3D9BE0304B2A7F006E33E1 = {
			isa = PBXGroup;
			children = (
				DF3D9BEB304B2A7F006E33E1 /* MicForwarderiOS */,
				DF3D9BF9304B2A81006E33E1 /* MicForwarderiOSTests */,
				DF3D9C03304B2A81006E33E1 /* MicForwarderiOSUITests */,
				DF3D9BEA304B2A7F006E33E1 /* Products */,
			);
			sourceTree = "<group>";
		};
		DF3D9BEA304B2A7F006E33E1 /* Products */ = {
			isa = PBXGroup;
			children = (
				DF3D9BE9304B2A7F006E33E1 /* MicForwarderiOS.app */,
				DF3D9BF6304B2A81006E33E1 /* MicForwarderiOSTests.xctest */,
				DF3D9C00304B2A81006E33E1 /* MicForwarderiOSUITests.xctest */,
			);
			name = Products;
			sourceTree = "<group>";
		};
/* End PBXGroup section */

/* Begin PBXNativeTarget section */
		DF3D9BE8304B2A7F006E33E1 /* MicForwarderiOS */ = {
			isa = PBXNativeTarget;
			buildConfigurationList = DF3D9C0A304B2A81006E33E1 /* Build configuration list for PBXNativeTarget "MicForwarderiOS" */;
			buildPhases = (
				DF3D9BE5304B2A7F006E33E1 /* Sources */,
				DF3D9BE6304B2A7F006E33E1 /* Frameworks */,
				DF3D9BE7304B2A7F006E33E1 /* Resources */,
			);
			buildRules = (
			);
			dependencies = (
			);
			fileSystemSynchronizedGroups = (
				DF3D9BEB304B2A7F006E33E1 /* MicForwarderiOS */,
			);
			name = MicForwarderiOS;
			packageProductDependencies = (
			);
			productName = MicForwarderiOS;
			productReference = DF3D9BE9304B2A7F006E33E1 /* MicForwarderiOS.app */;
			productType = "com.apple.product-type.application";
		};
		DF3D9BF5304B2A81006E33E1 /* MicForwarderiOSTests */ = {
			isa = PBXNativeTarget;
			buildConfigurationList = DF3D9C0D304B2A81006E33E1 /* Build configuration list for PBXNativeTarget "MicForwarderiOSTests" */;
			buildPhases = (
				DF3D9BF2304B2A81006E33E1 /* Sources */,
				DF3D9BF3304B2A81006E33E1 /* Frameworks */,
				DF3D9BF4304B2A81006E33E1 /* Resources */,
			);
			buildRules = (
			);
			dependencies = (
				DF3D9BF8304B2A81006E33E1 /* PBXTargetDependency */,
			);
			fileSystemSynchronizedGroups = (
				DF3D9BF9304B2A81006E33E1 /* MicForwarderiOSTests */,
			);
			name = MicForwarderiOSTests;
			packageProductDependencies = (
			);
			productName = MicForwarderiOSTests;
			productReference = DF3D9BF6304B2A81006E33E1 /* MicForwarderiOSTests.xctest */;
			productType = "com.apple.product-type.bundle.unit-test";
		};
		DF3D9BFF304B2A81006E33E1 /* MicForwarderiOSUITests */ = {
			isa = PBXNativeTarget;
			buildConfigurationList = DF3D9C10304B2A81006E33E1 /* Build configuration list for PBXNativeTarget "MicForwarderiOSUITests" */;
			buildPhases = (
				DF3D9BFC304B2A81006E33E1 /* Sources */,
				DF3D9BFD304B2A81006E33E1 /* Frameworks */,
				DF3D9BFE304B2A81006E33E1 /* Resources */,
			);
			buildRules = (
			);
			dependencies = (
				DF3D9C02304B2A81006E33E1 /* PBXTargetDependency */,
			);
			fileSystemSynchronizedGroups = (
				DF3D9C03304B2A81006E33E1 /* MicForwarderiOSUITests */,
			);
			name = MicForwarderiOSUITests;
			packageProductDependencies = (
			);
			productName = MicForwarderiOSUITests;
			productReference = DF3D9C00304B2A81006E33E1 /* MicForwarderiOSUITests.xctest */;
			productType = "com.apple.product-type.bundle.ui-testing";
		};
/* End PBXNativeTarget section */

/* Begin PBXProject section */
		DF3D9BE1304B2A7F006E33E1 /* Project object */ = {
			isa = PBXProject;
			attributes = {
				BuildIndependentTargetsInParallel = 1;
				LastSwiftUpdateCheck = 2660;
				LastUpgradeCheck = 2660;
				TargetAttributes = {
					DF3D9BE8304B2A7F006E33E1 = {
						CreatedOnToolsVersion = 26.6;
					};
					DF3D9BF5304B2A81006E33E1 = {
						CreatedOnToolsVersion = 26.6;
						TestTargetID = DF3D9BE8304B2A7F006E33E1;
					};
					DF3D9BFF304B2A81006E33E1 = {
						CreatedOnToolsVersion = 26.6;
						TestTargetID = DF3D9BE8304B2A7F006E33E1;
					};
				};
			};
			buildConfigurationList = DF3D9BE4304B2A7F006E33E1 /* Build configuration list for PBXProject "MicForwarderiOS" */;
			developmentRegion = en;
			hasScannedForEncodings = 0;
			knownRegions = (
				en,
				Base,
			);
			mainGroup = DF3D9BE0304B2A7F006E33E1;
			minimizedProjectReferenceProxies = 1;
			preferredProjectObjectVersion = 77;
			productRefGroup = DF3D9BEA304B2A7F006E33E1 /* Products */;
			projectDirPath = "";
			projectRoot = "";
			targets = (
				DF3D9BE8304B2A7F006E33E1 /* MicForwarderiOS */,
				DF3D9BF5304B2A81006E33E1 /* MicForwarderiOSTests */,
				DF3D9BFF304B2A81006E33E1 /* MicForwarderiOSUITests */,
			);
		};
/* End PBXProject section */

/* Begin PBXResourcesBuildPhase section */
		DF3D9BE7304B2A7F006E33E1 /* Resources */ = {
			isa = PBXResourcesBuildPhase;
			buildActionMask = 2147483647;
			files = (
			);
			runOnlyForDeploymentPostprocessing = 0;
		};
		DF3D9BF4304B2A81006E33E1 /* Resources */ = {
			isa = PBXResourcesBuildPhase;
			buildActionMask = 2147483647;
			files = (
			);
			runOnlyForDeploymentPostprocessing = 0;
		};
		DF3D9BFE304B2A81006E33E1 /* Resources */ = {
			isa = PBXResourcesBuildPhase;
			buildActionMask = 2147483647;
			files = (
			);
			runOnlyForDeploymentPostprocessing = 0;
		};
/* End PBXResourcesBuildPhase section */

/* Begin PBXSourcesBuildPhase section */
		DF3D9BE5304B2A7F006E33E1 /* Sources */ = {
			isa = PBXSourcesBuildPhase;
			buildActionMask = 2147483647;
			files = (
			);
			runOnlyForDeploymentPostprocessing = 0;
		};
		DF3D9BF2304B2A81006E33E1 /* Sources */ = {
			isa = PBXSourcesBuildPhase;
			buildActionMask = 2147483647;
			files = (
			);
			runOnlyForDeploymentPostprocessing = 0;
		};
		DF3D9BFC304B2A81006E33E1 /* Sources */ = {
			isa = PBXSourcesBuildPhase;
			buildActionMask = 2147483647;
			files = (
			);
			runOnlyForDeploymentPostprocessing = 0;
		};
/* End PBXSourcesBuildPhase section */

/* Begin PBXTargetDependency section */
		DF3D9BF8304B2A81006E33E1 /* PBXTargetDependency */ = {
			isa = PBXTargetDependency;
			target = DF3D9BE8304B2A7F006E33E1 /* MicForwarderiOS */;
			targetProxy = DF3D9BF7304B2A81006E33E1 /* PBXContainerItemProxy */;
		};
		DF3D9C02304B2A81006E33E1 /* PBXTargetDependency */ = {
			isa = PBXTargetDependency;
			target = DF3D9BE8304B2A7F006E33E1 /* MicForwarderiOS */;
			targetProxy = DF3D9C01304B2A81006E33E1 /* PBXContainerItemProxy */;
		};
/* End PBXTargetDependency section */

/* Begin XCBuildConfiguration section */
		DF3D9C08304B2A81006E33E1 /* Debug */ = {
			isa = XCBuildConfiguration;
			buildSettings = {
				ALWAYS_SEARCH_USER_PATHS = NO;
				ASSETCATALOG_COMPILER_GENERATE_SWIFT_ASSET_SYMBOL_EXTENSIONS = YES;
				CLANG_ANALYZER_NONNULL = YES;
				CLANG_ANALYZER_NUMBER_OBJECT_CONVERSION = YES_AGGRESSIVE;
				CLANG_CXX_LANGUAGE_STANDARD = "gnu++20";
				CLANG_ENABLE_MODULES = YES;
				CLANG_ENABLE_OBJC_ARC = YES;
				CLANG_ENABLE_OBJC_WEAK = YES;
				CLANG_WARN_BLOCK_CAPTURE_AUTORELEASING = YES;
				CLANG_WARN_BOOL_CONVERSION = YES;
				CLANG_WARN_COMMA = YES;
				CLANG_WARN_CONSTANT_CONVERSION = YES;
				CLANG_WARN_DEPRECATED_OBJC_IMPLEMENTATIONS = YES;
				CLANG_WARN_DIRECT_OBJC_ISA_USAGE = YES_ERROR;
				CLANG_WARN_DOCUMENTATION_COMMENTS = YES;
				CLANG_WARN_EMPTY_BODY = YES;
				CLANG_WARN_ENUM_CONVERSION = YES;
				CLANG_WARN_INFINITE_RECURSION = YES;
				CLANG_WARN_INT_CONVERSION = YES;
				CLANG_WARN_NON_LITERAL_NULL_CONVERSION = YES;
				CLANG_WARN_OBJC_IMPLICIT_RETAIN_SELF = YES;
				CLANG_WARN_OBJC_LITERAL_CONVERSION = YES;
				CLANG_WARN_OBJC_ROOT_CLASS = YES_ERROR;
				CLANG_WARN_QUOTED_INCLUDE_IN_FRAMEWORK_HEADER = YES;
				CLANG_WARN_RANGE_LOOP_ANALYSIS = YES;
				CLANG_WARN_STRICT_PROTOTYPES = YES;
				CLANG_WARN_SUSPICIOUS_MOVE = YES;
				CLANG_WARN_UNGUARDED_AVAILABILITY = YES_AGGRESSIVE;
				CLANG_WARN_UNREACHABLE_CODE = YES;
				CLANG_WARN__DUPLICATE_METHOD_MATCH = YES;
				COPY_PHASE_STRIP = NO;
				DEBUG_INFORMATION_FORMAT = dwarf;
				DEVELOPMENT_TEAM = 76D7RCGD74;
				ENABLE_STRICT_OBJC_MSGSEND = YES;
				ENABLE_TESTABILITY = YES;
				ENABLE_USER_SCRIPT_SANDBOXING = YES;
				GCC_C_LANGUAGE_STANDARD = gnu17;
				GCC_DYNAMIC_NO_PIC = NO;
				GCC_NO_COMMON_BLOCKS = YES;
				GCC_OPTIMIZATION_LEVEL = 0;
				GCC_PREPROCESSOR_DEFINITIONS = (
					"DEBUG=1",
					"$(inherited)",
				);
				GCC_WARN_64_TO_32_BIT_CONVERSION = YES;
				GCC_WARN_ABOUT_RETURN_TYPE = YES_ERROR;
				GCC_WARN_UNDECLARED_SELECTOR = YES;
				GCC_WARN_UNINITIALIZED_AUTOS = YES_AGGRESSIVE;
				GCC_WARN_UNUSED_FUNCTION = YES;
				GCC_WARN_UNUSED_VARIABLE = YES;
				IPHONEOS_DEPLOYMENT_TARGET = 18.0;
				LOCALIZATION_PREFERS_STRING_CATALOGS = YES;
				MTL_ENABLE_DEBUG_INFO = INCLUDE_SOURCE;
				MTL_FAST_MATH = YES;
				ONLY_ACTIVE_ARCH = YES;
				SDKROOT = iphoneos;
				SWIFT_ACTIVE_COMPILATION_CONDITIONS = "DEBUG $(inherited)";
				SWIFT_OPTIMIZATION_LEVEL = "-Onone";
			};
			name = Debug;
		};
		DF3D9C09304B2A81006E33E1 /* Release */ = {
			isa = XCBuildConfiguration;
			buildSettings = {
				ALWAYS_SEARCH_USER_PATHS = NO;
				ASSETCATALOG_COMPILER_GENERATE_SWIFT_ASSET_SYMBOL_EXTENSIONS = YES;
				CLANG_ANALYZER_NONNULL = YES;
				CLANG_ANALYZER_NUMBER_OBJECT_CONVERSION = YES_AGGRESSIVE;
				CLANG_CXX_LANGUAGE_STANDARD = "gnu++20";
				CLANG_ENABLE_MODULES = YES;
				CLANG_ENABLE_OBJC_ARC = YES;
				CLANG_ENABLE_OBJC_WEAK = YES;
				CLANG_WARN_BLOCK_CAPTURE_AUTORELEASING = YES;
				CLANG_WARN_BOOL_CONVERSION = YES;
				CLANG_WARN_COMMA = YES;
				CLANG_WARN_CONSTANT_CONVERSION = YES;
				CLANG_WARN_DEPRECATED_OBJC_IMPLEMENTATIONS = YES;
				CLANG_WARN_DIRECT_OBJC_ISA_USAGE = YES_ERROR;
				CLANG_WARN_DOCUMENTATION_COMMENTS = YES;
				CLANG_WARN_EMPTY_BODY = YES;
				CLANG_WARN_ENUM_CONVERSION = YES;
				CLANG_WARN_INFINITE_RECURSION = YES;
				CLANG_WARN_INT_CONVERSION = YES;
				CLANG_WARN_NON_LITERAL_NULL_CONVERSION = YES;
				CLANG_WARN_OBJC_IMPLICIT_RETAIN_SELF = YES;
				CLANG_WARN_OBJC_LITERAL_CONVERSION = YES;
				CLANG_WARN_OBJC_ROOT_CLASS = YES_ERROR;
				CLANG_WARN_QUOTED_INCLUDE_IN_FRAMEWORK_HEADER = YES;
				CLANG_WARN_RANGE_LOOP_ANALYSIS = YES;
				CLANG_WARN_STRICT_PROTOTYPES = YES;
				CLANG_WARN_SUSPICIOUS_MOVE = YES;
				CLANG_WARN_UNGUARDED_AVAILABILITY = YES_AGGRESSIVE;
				CLANG_WARN_UNREACHABLE_CODE = YES;
				CLANG_WARN__DUPLICATE_METHOD_MATCH = YES;
				COPY_PHASE_STRIP = NO;
				DEBUG_INFORMATION_FORMAT = "dwarf-with-dsym";
				DEVELOPMENT_TEAM = 76D7RCGD74;
				ENABLE_NS_ASSERTIONS = NO;
				ENABLE_STRICT_OBJC_MSGSEND = YES;
				ENABLE_USER_SCRIPT_SANDBOXING = YES;
				GCC_C_LANGUAGE_STANDARD = gnu17;
				GCC_NO_COMMON_BLOCKS = YES;
				GCC_WARN_64_TO_32_BIT_CONVERSION = YES;
				GCC_WARN_ABOUT_RETURN_TYPE = YES_ERROR;
				GCC_WARN_UNDECLARED_SELECTOR = YES;
				GCC_WARN_UNINITIALIZED_AUTOS = YES_AGGRESSIVE;
				GCC_WARN_UNUSED_FUNCTION = YES;
				GCC_WARN_UNUSED_VARIABLE = YES;
				IPHONEOS_DEPLOYMENT_TARGET = 18.0;
				LOCALIZATION_PREFERS_STRING_CATALOGS = YES;
				MTL_ENABLE_DEBUG_INFO = NO;
				MTL_FAST_MATH = YES;
				SDKROOT = iphoneos;
				SWIFT_COMPILATION_MODE = wholemodule;
				VALIDATE_PRODUCT = YES;
			};
			name = Release;
		};
		DF3D9C0B304B2A81006E33E1 /* Debug */ = {
			isa = XCBuildConfiguration;
			buildSettings = {
				ASSETCATALOG_COMPILER_APPICON_NAME = AppIcon;
				ASSETCATALOG_COMPILER_GLOBAL_ACCENT_COLOR_NAME = AccentColor;
				CODE_SIGN_IDENTITY = "Apple Development";
				CODE_SIGN_STYLE = Automatic;
				CURRENT_PROJECT_VERSION = 1;
				DEVELOPMENT_TEAM = 76D7RCGD74;
				ENABLE_PREVIEWS = YES;
				GENERATE_INFOPLIST_FILE = YES;
				INFOPLIST_KEY_NSMicrophoneUsageDescription = "Mic Forwarder needs access to your microphone to send audio to your PC.";
				INFOPLIST_KEY_UIApplicationSceneManifest_Generation = YES;
				INFOPLIST_KEY_UIApplicationSupportsIndirectInputEvents = YES;
				INFOPLIST_KEY_UIBackgroundModes = audio;
				INFOPLIST_KEY_UILaunchScreen_Generation = YES;
				INFOPLIST_KEY_UISupportedInterfaceOrientations_iPad = "UIInterfaceOrientationPortrait UIInterfaceOrientationPortraitUpsideDown UIInterfaceOrientationLandscapeLeft UIInterfaceOrientationLandscapeRight";
				INFOPLIST_KEY_UISupportedInterfaceOrientations_iPhone = "UIInterfaceOrientationPortrait UIInterfaceOrientationLandscapeLeft UIInterfaceOrientationLandscapeRight";
				LD_RUNPATH_SEARCH_PATHS = (
					"$(inherited)",
					"@executable_path/Frameworks",
				);
				MARKETING_VERSION = 1.0;
				PRODUCT_BUNDLE_IDENTIFIER = gurkan.uzun.MicForwarderiOS;
				PRODUCT_NAME = "$(TARGET_NAME)";
				PROVISIONING_PROFILE_SPECIFIER = "";
				STRING_CATALOG_GENERATE_SYMBOLS = YES;
				SWIFT_APPROACHABLE_CONCURRENCY = YES;
				SWIFT_DEFAULT_ACTOR_ISOLATION = MainActor;
				SWIFT_EMIT_LOC_STRINGS = YES;
				SWIFT_UPCOMING_FEATURE_MEMBER_IMPORT_VISIBILITY = YES;
				SWIFT_VERSION = 5.0;
				TARGETED_DEVICE_FAMILY = "1,2";
			};
			name = Debug;
		};
		DF3D9C0C304B2A81006E33E1 /* Release */ = {
			isa = XCBuildConfiguration;
			buildSettings = {
				ASSETCATALOG_COMPILER_APPICON_NAME = AppIcon;
				ASSETCATALOG_COMPILER_GLOBAL_ACCENT_COLOR_NAME = AccentColor;
				CODE_SIGN_IDENTITY = "Apple Development";
				CODE_SIGN_STYLE = Automatic;
				CURRENT_PROJECT_VERSION = 1;
				DEVELOPMENT_TEAM = 76D7RCGD74;
				ENABLE_PREVIEWS = YES;
				GENERATE_INFOPLIST_FILE = YES;
				INFOPLIST_KEY_NSMicrophoneUsageDescription = "Mic Forwarder needs access to your microphone to send audio to your PC.";
				INFOPLIST_KEY_UIApplicationSceneManifest_Generation = YES;
				INFOPLIST_KEY_UIApplicationSupportsIndirectInputEvents = YES;
				INFOPLIST_KEY_UIBackgroundModes = audio;
				INFOPLIST_KEY_UILaunchScreen_Generation = YES;
				INFOPLIST_KEY_UISupportedInterfaceOrientations_iPad = "UIInterfaceOrientationPortrait UIInterfaceOrientationPortraitUpsideDown UIInterfaceOrientationLandscapeLeft UIInterfaceOrientationLandscapeRight";
				INFOPLIST_KEY_UISupportedInterfaceOrientations_iPhone = "UIInterfaceOrientationPortrait UIInterfaceOrientationLandscapeLeft UIInterfaceOrientationLandscapeRight";
				LD_RUNPATH_SEARCH_PATHS = (
					"$(inherited)",
					"@executable_path/Frameworks",
				);
				MARKETING_VERSION = 1.0;
				PRODUCT_BUNDLE_IDENTIFIER = gurkan.uzun.MicForwarderiOS;
				PRODUCT_NAME = "$(TARGET_NAME)";
				PROVISIONING_PROFILE_SPECIFIER = "";
				STRING_CATALOG_GENERATE_SYMBOLS = YES;
				SWIFT_APPROACHABLE_CONCURRENCY = YES;
				SWIFT_DEFAULT_ACTOR_ISOLATION = MainActor;
				SWIFT_EMIT_LOC_STRINGS = YES;
				SWIFT_UPCOMING_FEATURE_MEMBER_IMPORT_VISIBILITY = YES;
				SWIFT_VERSION = 5.0;
				TARGETED_DEVICE_FAMILY = "1,2";
			};
			name = Release;
		};
		DF3D9C0E304B2A81006E33E1 /* Debug */ = {
			isa = XCBuildConfiguration;
			buildSettings = {
				BUNDLE_LOADER = "$(TEST_HOST)";
				CODE_SIGN_STYLE = Automatic;
				CURRENT_PROJECT_VERSION = 1;
				DEVELOPMENT_TEAM = 76D7RCGD74;
				GENERATE_INFOPLIST_FILE = YES;
				INFOPLIST_KEY_NSMicrophoneUsageDescription = "Mic Forwarder needs access to your microphone to send audio to your PC.";
				INFOPLIST_KEY_UIBackgroundModes = audio;
				IPHONEOS_DEPLOYMENT_TARGET = 18.0;
				MARKETING_VERSION = 1.0;
				PRODUCT_BUNDLE_IDENTIFIER = gurkan.uzun.MicForwarderiOSTests;
				PRODUCT_NAME = "$(TARGET_NAME)";
				STRING_CATALOG_GENERATE_SYMBOLS = NO;
				SWIFT_APPROACHABLE_CONCURRENCY = YES;
				SWIFT_EMIT_LOC_STRINGS = NO;
				SWIFT_UPCOMING_FEATURE_MEMBER_IMPORT_VISIBILITY = YES;
				SWIFT_VERSION = 5.0;
				TARGETED_DEVICE_FAMILY = "1,2";
				TEST_HOST = "$(BUILT_PRODUCTS_DIR)/MicForwarderiOS.app/$(BUNDLE_EXECUTABLE_FOLDER_PATH)/MicForwarderiOS";
			};
			name = Debug;
		};
		DF3D9C0F304B2A81006E33E1 /* Release */ = {
			isa = XCBuildConfiguration;
			buildSettings = {
				BUNDLE_LOADER = "$(TEST_HOST)";
				CODE_SIGN_STYLE = Automatic;
				CURRENT_PROJECT_VERSION = 1;
				DEVELOPMENT_TEAM = 76D7RCGD74;
				GENERATE_INFOPLIST_FILE = YES;
				INFOPLIST_KEY_NSMicrophoneUsageDescription = "Mic Forwarder needs access to your microphone to send audio to your PC.";
				INFOPLIST_KEY_UIBackgroundModes = audio;
				IPHONEOS_DEPLOYMENT_TARGET = 18.0;
				MARKETING_VERSION = 1.0;
				PRODUCT_BUNDLE_IDENTIFIER = gurkan.uzun.MicForwarderiOSTests;
				PRODUCT_NAME = "$(TARGET_NAME)";
				STRING_CATALOG_GENERATE_SYMBOLS = NO;
				SWIFT_APPROACHABLE_CONCURRENCY = YES;
				SWIFT_EMIT_LOC_STRINGS = NO;
				SWIFT_UPCOMING_FEATURE_MEMBER_IMPORT_VISIBILITY = YES;
				SWIFT_VERSION = 5.0;
				TARGETED_DEVICE_FAMILY = "1,2";
				TEST_HOST = "$(BUILT_PRODUCTS_DIR)/MicForwarderiOS.app/$(BUNDLE_EXECUTABLE_FOLDER_PATH)/MicForwarderiOS";
			};
			name = Release;
		};
		DF3D9C11304B2A81006E33E1 /* Debug */ = {
			isa = XCBuildConfiguration;
			buildSettings = {
				CODE_SIGN_STYLE = Automatic;
				CURRENT_PROJECT_VERSION = 1;
				DEVELOPMENT_TEAM = 76D7RCGD74;
				GENERATE_INFOPLIST_FILE = YES;
				INFOPLIST_KEY_NSMicrophoneUsageDescription = "Mic Forwarder needs access to your microphone to send audio to your PC.";
				INFOPLIST_KEY_UIBackgroundModes = audio;
				MARKETING_VERSION = 1.0;
				PRODUCT_BUNDLE_IDENTIFIER = gurkan.uzun.MicForwarderiOSUITests;
				PRODUCT_NAME = "$(TARGET_NAME)";
				STRING_CATALOG_GENERATE_SYMBOLS = NO;
				SWIFT_APPROACHABLE_CONCURRENCY = YES;
				SWIFT_EMIT_LOC_STRINGS = NO;
				SWIFT_UPCOMING_FEATURE_MEMBER_IMPORT_VISIBILITY = YES;
				SWIFT_VERSION = 5.0;
				TARGETED_DEVICE_FAMILY = "1,2";
				TEST_TARGET_NAME = MicForwarderiOS;
			};
			name = Debug;
		};
		DF3D9C12304B2A81006E33E1 /* Release */ = {
			isa = XCBuildConfiguration;
			buildSettings = {
				CODE_SIGN_STYLE = Automatic;
				CURRENT_PROJECT_VERSION = 1;
				DEVELOPMENT_TEAM = 76D7RCGD74;
				GENERATE_INFOPLIST_FILE = YES;
				INFOPLIST_KEY_NSMicrophoneUsageDescription = "Mic Forwarder needs access to your microphone to send audio to your PC.";
				INFOPLIST_KEY_UIBackgroundModes = audio;
				MARKETING_VERSION = 1.0;
				PRODUCT_BUNDLE_IDENTIFIER = gurkan.uzun.MicForwarderiOSUITests;
				PRODUCT_NAME = "$(TARGET_NAME)";
				STRING_CATALOG_GENERATE_SYMBOLS = NO;
				SWIFT_APPROACHABLE_CONCURRENCY = YES;
				SWIFT_EMIT_LOC_STRINGS = NO;
				SWIFT_UPCOMING_FEATURE_MEMBER_IMPORT_VISIBILITY = YES;
				SWIFT_VERSION = 5.0;
				TARGETED_DEVICE_FAMILY = "1,2";
				TEST_TARGET_NAME = MicForwarderiOS;
			};
			name = Release;
		};
/* End XCBuildConfiguration section */

/* Begin XCConfigurationList section */
		DF3D9BE4304B2A7F006E33E1 /* Build configuration list for PBXProject "MicForwarderiOS" */ = {
			isa = XCConfigurationList;
			buildConfigurations = (
				DF3D9C08304B2A81006E33E1 /* Debug */,
				DF3D9C09304B2A81006E33E1 /* Release */,
			);
			defaultConfigurationIsVisible = 0;
			defaultConfigurationName = Release;
		};
		DF3D9C0A304B2A81006E33E1 /* Build configuration list for PBXNativeTarget "MicForwarderiOS" */ = {
			isa = XCConfigurationList;
			buildConfigurations = (
				DF3D9C0B304B2A81006E33E1 /* Debug */,
				DF3D9C0C304B2A81006E33E1 /* Release */,
			);
			defaultConfigurationIsVisible = 0;
			defaultConfigurationName = Release;
		};
		DF3D9C0D304B2A81006E33E1 /* Build configuration list for PBXNativeTarget "MicForwarderiOSTests" */ = {
			isa = XCConfigurationList;
			buildConfigurations = (
				DF3D9C0E304B2A81006E33E1 /* Debug */,
				DF3D9C0F304B2A81006E33E1 /* Release */,
			);
			defaultConfigurationIsVisible = 0;
			defaultConfigurationName = Release;
		};
		DF3D9C10304B2A81006E33E1 /* Build configuration list for PBXNativeTarget "MicForwarderiOSUITests" */ = {
			isa = XCConfigurationList;
			buildConfigurations = (
				DF3D9C11304B2A81006E33E1 /* Debug */,
				DF3D9C12304B2A81006E33E1 /* Release */,
			);
			defaultConfigurationIsVisible = 0;
			defaultConfigurationName = Release;
		};
/* End XCConfigurationList section */
	};
	rootObject = DF3D9BE1304B2A7F006E33E1 /* Project object */;
}
